// !$*UTF8*$!
{
	archiveVersion = 1;
	classes = {
	};
	objectVersion = 51;
	objects = {

/* Begin PBXBuildFile section */
		64BA352B9447F004AE216187 /* Pods_Tennis_App.framework in Frameworks */ = {isa = PBXBuildFile; fileRef = 0E610893CC627AB6D27FCD13 /* Pods_Tennis_App.framework */; };
		FF38DA6A2461BE3500DC8CA9 /* AppDelegate.swift in Sources */ = {isa = PBXBuildFile; fileRef = FF38DA692461BE3500DC8CA9 /* AppDelegate.swift */; };
		FF38DA6C2461BE3500DC8CA9 /* SceneDelegate.swift in Sources */ = {isa = PBXBuildFile; fileRef = FF38DA6B2461BE3500DC8CA9 /* SceneDelegate.swift */; };
		FF38DA6E2461BE3500DC8CA9 /* HistoryViewController.swift in Sources */ = {isa = PBXBuildFile; fileRef = FF38DA6D2461BE3500DC8CA9 /* HistoryViewController.swift */; };
		FF38DA702461BE3500DC8CA9 /* ProfileViewController.swift in Sources */ = {isa = PBXBuildFile; fileRef = FF38DA6F2461BE3500DC8CA9 /* ProfileViewController.swift */; };
		FF38DA732461BE3500DC8CA9 /* Home.storyboard in Resources */ = {isa = PBXBuildFile; fileRef = FF38DA712461BE3500DC8CA9 /* Home.storyboard */; };
		FF38DA752461BE3C00DC8CA9 /* Assets.xcassets in Resources */ = {isa = PBXBuildFile; fileRef = FF38DA742461BE3C00DC8CA9 /* Assets.xcassets */; };
		FF38DA782461BE3C00DC8CA9 /* LaunchScreen.storyboard in Resources */ = {isa = PBXBuildFile; fileRef = FF38DA762461BE3C00DC8CA9 /* LaunchScreen.storyboard */; };
		FF38DA832461BF1200DC8CA9 /* Main.storyboard in Resources */ = {isa = PBXBuildFile; fileRef = FF38DA822461BF1200DC8CA9 /* Main.storyboard */; };
		FF38DA852461BF8500DC8CA9 /* WelcomeViewController.swift in Sources */ = {isa = PBXBuildFile; fileRef = FF38DA842461BF8500DC8CA9 /* WelcomeViewController.swift */; };
		FF38DA872461C04500DC8CA9 /* RegisterViewController.swift in Sources */ = {isa = PBXBuildFile; fileRef = FF38DA862461C04500DC8CA9 /* RegisterViewController.swift */; };
		FF38DA892461C06600DC8CA9 /* LoginViewController.swift in Sources */ = {isa = PBXBuildFile; fileRef = FF38DA882461C06600DC8CA9 /* LoginViewController.swift */; };
		FF38DA8D2461C85400DC8CA9 /* MatchViewController.swift in Sources */ = {isa = PBXBuildFile; fileRef = FF38DA8C2461C85400DC8CA9 /* MatchViewController.swift */; };
		FF38DA8F2461C93E00DC8CA9 /* CommunityViewController.swift in Sources */ = {isa = PBXBuildFile; fileRef = FF38DA8E2461C93E00DC8CA9 /* CommunityViewController.swift */; };
		FF38DA912461CD8F00DC8CA9 /* PlayersViewController.swift in Sources */ = {isa = PBXBuildFile; fileRef = FF38DA902461CD8F00DC8CA9 /* PlayersViewController.swift */; };
		FF38DA932461DB1B00DC8CA9 /* UTRManager.swift in Sources */ = {isa = PBXBuildFile; fileRef = FF38DA922461DB1B00DC8CA9 /* UTRManager.swift */; };
		FF38DA952461DB3100DC8CA9 /* Profile.swift in Sources */ = {isa = PBXBuildFile; fileRef = FF38DA942461DB3100DC8CA9 /* Profile.swift */; };
		FF38DA972461DB4200DC8CA9 /* ProfileResponse.swift in Sources */ = {isa = PBXBuildFile; fileRef = FF38DA962461DB4200DC8CA9 /* ProfileResponse.swift */; };
		FF98791E2462F70A00A01C9C /* GoogleService-Info.plist in Resources */ = {isa = PBXBuildFile; fileRef = FF98791D2462F70A00A01C9C /* GoogleService-Info.plist */; };
/* End PBXBuildFile section */

/* Begin PBXFileReference section */
		016F8ED8F975AA4279A9659F /* Pods-Tennis-App.debug.xcconfig */ = {isa = PBXFileReference; includeInIndex = 1; lastKnownFileType = text.xcconfig; name = "Pods-Tennis-App.debug.xcconfig"; path = "Target Support Files/Pods-Tennis-App/Pods-Tennis-App.debug.xcconfig"; sourceTree = "<group>"; };
		063F93ED7712654A62202699 /* Pods-Tennis-App.release.xcconfig */ = {isa = PBXFileReference; includeInIndex = 1; lastKnownFileType = text.xcconfig; name = "Pods-Tennis-App.release.xcconfig"; path = "Target Support Files/Pods-Tennis-App/Pods-Tennis-App.release.xcconfig"; sourceTree = "<group>"; };
		0E610893CC627AB6D27FCD13 /* Pods_Tennis_App.framework */ = {isa = PBXFileReference; explicitFileType = wrapper.framework; includeInIndex = 0; path = Pods_Tennis_App.framework; sourceTree = BUILT_PRODUCTS_DIR; };
		FF38DA662461BE3500DC8CA9 /* Tennis-App.app */ = {isa = PBXFileReference; explicitFileType = wrapper.application; includeInIndex = 0; path = "Tennis-App.app"; sourceTree = BUILT_PRODUCTS_DIR; };
		FF38DA692461BE3500DC8CA9 /* AppDelegate.swift */ = {isa = PBXFileReference; lastKnownFileType = sourcecode.swift; path = AppDelegate.swift; sourceTree = "<group>"; };
		FF38DA6B2461BE3500DC8CA9 /* SceneDelegate.swift */ = {isa = PBXFileReference; lastKnownFileType = sourcecode.swift; path = SceneDelegate.swift; sourceTree = "<group>"; };
		FF38DA6D2461BE3500DC8CA9 /* HistoryViewController.swift */ = {isa = PBXFileReference; lastKnownFileType = sourcecode.swift; path = HistoryViewController.swift; sourceTree = "<group>"; };
		FF38DA6F2461BE3500DC8CA9 /* ProfileViewController.swift */ = {isa = PBXFileReference; lastKnownFileType = sourcecode.swift; path = ProfileViewController.swift; sourceTree = "<group>"; };
		FF38DA722461BE3500DC8CA9 /* Base */ = {isa = PBXFileReference; lastKnownFileType = file.storyboard; name = Base; path = Base.lproj/Home.storyboard; sourceTree = "<group>"; };
		FF38DA742461BE3C00DC8CA9 /* Assets.xcassets */ = {isa = PBXFileReference; lastKnownFileType = folder.assetcatalog; path = Assets.xcassets; sourceTree = "<group>"; };
		FF38DA772461BE3C00DC8CA9 /* Base */ = {isa = PBXFileReference; lastKnownFileType = file.storyboard; name = Base; path = Base.lproj/LaunchScreen.storyboard; sourceTree = "<group>"; };
		FF38DA792461BE3D00DC8CA9 /* Info.plist */ = {isa = PBXFileReference; lastKnownFileType = text.plist.xml; path = Info.plist; sourceTree = "<group>"; };
		FF38DA822461BF1200DC8CA9 /* Main.storyboard */ = {isa = PBXFileReference; lastKnownFileType = file.storyboard; path = Main.storyboard; sourceTree = "<group>"; };
		FF38DA842461BF8500DC8CA9 /* WelcomeViewController.swift */ = {isa = PBXFileReference; lastKnownFileType = sourcecode.swift; path = WelcomeViewController.swift; sourceTree = "<group>"; };
		FF38DA862461C04500DC8CA9 /* RegisterViewController.swift */ = {isa = PBXFileReference; lastKnownFileType = sourcecode.swift; path = RegisterViewController.swift; sourceTree = "<group>"; };
		FF38DA882461C06600DC8CA9 /* LoginViewController.swift */ = {isa = PBXFileReference; lastKnownFileType = sourcecode.swift; path = LoginViewController.swift; sourceTree = "<group>"; };
		FF38DA8C2461C85400DC8CA9 /* MatchViewController.swift */ = {isa = PBXFileReference; lastKnownFileType = sourcecode.swift; path = MatchViewController.swift; sourceTree = "<group>"; };
		FF38DA8E2461C93E00DC8CA9 /* CommunityViewController.swift */ = {isa = PBXFileReference; lastKnownFileType = sourcecode.swift; path = CommunityViewController.swift; sourceTree = "<group>"; };
		FF38DA902461CD8F00DC8CA9 /* PlayersViewController.swift */ = {isa = PBXFileReference; lastKnownFileType = sourcecode.swift; path = PlayersViewController.swift; sourceTree = "<group>"; };
		FF38DA922461DB1B00DC8CA9 /* UTRManager.swift */ = {isa = PBXFileReference; lastKnownFileType = sourcecode.swift; path = UTRManager.swift; sourceTree = "<group>"; };
		FF38DA942461DB3100DC8CA9 /* Profile.swift */ = {isa = PBXFileReference; lastKnownFileType = sourcecode.swift; path = Profile.swift; sourceTree = "<group>"; };
		FF38DA962461DB4200DC8CA9 /* ProfileResponse.swift */ = {isa = PBXFileReference; lastKnownFileType = sourcecode.swift; path = ProfileResponse.swift; sourceTree = "<group>"; };
		FF98791D2462F70A00A01C9C /* GoogleService-Info.plist */ = {isa = PBXFileReference; fileEncoding = 4; lastKnownFileType = text.plist.xml; path = "GoogleService-Info.plist"; sourceTree = "<group>"; };
/* End PBXFileReference section */

/* Begin PBXFrameworksBuildPhase section */
		FF38DA632461BE3500DC8CA9 /* Frameworks */ = {
			isa = PBXFrameworksBuildPhase;
			buildActionMask = 2147483647;
			files = (
				64BA352B9447F004AE216187 /* Pods_Tennis_App.framework in Frameworks */,
			);
			runOnlyForDeploymentPostprocessing = 0;
		};
/* End PBXFrameworksBuildPhase section */

/* Begin PBXGroup section */
		C60EAA72A42E11EC0B36E5BA /* Pods */ = {
			isa = PBXGroup;
			children = (
				016F8ED8F975AA4279A9659F /* Pods-Tennis-App.debug.xcconfig */,
				063F93ED7712654A62202699 /* Pods-Tennis-App.release.xcconfig */,
			);
			path = Pods;
			sourceTree = "<group>";
		};
		D466E49E70884FE762568D7B /* Frameworks */ = {
			isa = PBXGroup;
			children = (
				0E610893CC627AB6D27FCD13 /* Pods_Tennis_App.framework */,
			);
			name = Frameworks;
			sourceTree = "<group>";
		};
		FF38DA5D2461BE3500DC8CA9 = {
			isa = PBXGroup;
			children = (
				FF38DA682461BE3500DC8CA9 /* Tennis-App */,
				FF38DA672461BE3500DC8CA9 /* Products */,
				C60EAA72A42E11EC0B36E5BA /* Pods */,
				D466E49E70884FE762568D7B /* Frameworks */,
			);
			sourceTree = "<group>";
		};
		FF38DA672461BE3500DC8CA9 /* Products */ = {
			isa = PBXGroup;
			children = (
				FF38DA662461BE3500DC8CA9 /* Tennis-App.app */,
			);
			name = Products;
			sourceTree = "<group>";
		};
		FF38DA682461BE3500DC8CA9 /* Tennis-App */ = {
			isa = PBXGroup;
			children = (
				FF38DA692461BE3500DC8CA9 /* AppDelegate.swift */,
				FF38DA6B2461BE3500DC8CA9 /* SceneDelegate.swift */,
				FF38DA7F2461BE9C00DC8CA9 /* Model */,
				FF38DA802461BEAA00DC8CA9 /* Controller */,
				FF38DA812461BECD00DC8CA9 /* View */,
				FF38DA742461BE3C00DC8CA9 /* Assets.xcassets */,
				FF38DA792461BE3D00DC8CA9 /* Info.plist */,
				FF98791D2462F70A00A01C9C /* GoogleService-Info.plist */,
			);
			path = "Tennis-App";
			sourceTree = "<group>";
		};
		FF38DA7F2461BE9C00DC8CA9 /* Model */ = {
			isa = PBXGroup;
			children = (
				FF38DA922461DB1B00DC8CA9 /* UTRManager.swift */,
				FF38DA942461DB3100DC8CA9 /* Profile.swift */,
				FF38DA962461DB4200DC8CA9 /* ProfileResponse.swift */,
			);
			path = Model;
			sourceTree = "<group>";
		};
		FF38DA802461BEAA00DC8CA9 /* Controller */ = {
			isa = PBXGroup;
			children = (
				FF38DA8A2461C06E00DC8CA9 /* Welcome */,
				FF38DA8B2461C07A00DC8CA9 /* Home */,
			);
			path = Controller;
			sourceTree = "<group>";
		};
		FF38DA812461BECD00DC8CA9 /* View */ = {
			isa = PBXGroup;
			children = (
				FF38DA822461BF1200DC8CA9 /* Main.storyboard */,
				FF38DA712461BE3500DC8CA9 /* Home.storyboard */,
				FF38DA762461BE3C00DC8CA9 /* LaunchScreen.storyboard */,
			);
			path = View;
			sourceTree = "<group>";
		};
		FF38DA8A2461C06E00DC8CA9 /* Welcome */ = {
			isa = PBXGroup;
			children = (
				FF38DA842461BF8500DC8CA9 /* WelcomeViewController.swift */,
				FF38DA862461C04500DC8CA9 /* RegisterViewController.swift */,
				FF38DA882461C06600DC8CA9 /* LoginViewController.swift */,
			);
			path = Welcome;
			sourceTree = "<group>";
		};
		FF38DA8B2461C07A00DC8CA9 /* Home */ = {
			isa = PBXGroup;
			children = (
				FF38DA6F2461BE3500DC8CA9 /* ProfileViewController.swift */,
				FF38DA6D2461BE3500DC8CA9 /* HistoryViewController.swift */,
				FF38DA8C2461C85400DC8CA9 /* MatchViewController.swift */,
				FF38DA8E2461C93E00DC8CA9 /* CommunityViewController.swift */,
				FF38DA902461CD8F00DC8CA9 /* PlayersViewController.swift */,
			);
			path = Home;
			sourceTree = "<group>";
		};
/* End PBXGroup section */

/* Begin PBXNativeTarget section */
		FF38DA652461BE3500DC8CA9 /* Tennis-App */ = {
			isa = PBXNativeTarget;
			buildConfigurationList = FF38DA7C2461BE3D00DC8CA9 /* Build configuration list for PBXNativeTarget "Tennis-App" */;
			buildPhases = (
				57A7D9F0D8CFD65B6FABF52A /* [CP] Check Pods Manifest.lock */,
				FF38DA622461BE3500DC8CA9 /* Sources */,
				FF38DA632461BE3500DC8CA9 /* Frameworks */,
				FF38DA642461BE3500DC8CA9 /* Resources */,
				4051E473A0492C72B342554A /* [CP] Embed Pods Frameworks */,
				2C8ADCBBFB24DC2B06705AF6 /* [CP] Copy Pods Resources */,
			);
			buildRules = (
			);
			dependencies = (
			);
			name = "Tennis-App";
			productName = "Tennis-App";
			productReference = FF38DA662461BE3500DC8CA9 /* Tennis-App.app */;
			productType = "com.apple.product-type.application";
		};
/* End PBXNativeTarget section */

/* Begin PBXProject section */
		FF38DA5E2461BE3500DC8CA9 /* Project object */ = {
			isa = PBXProject;
			attributes = {
				LastSwiftUpdateCheck = 1140;
				LastUpgradeCheck = 1140;
				ORGANIZATIONNAME = "Pranav  Suri";
				TargetAttributes = {
					FF38DA652461BE3500DC8CA9 = {
						CreatedOnToolsVersion = 11.4.1;
					};
				};
			};
			buildConfigurationList = FF38DA612461BE3500DC8CA9 /* Build configuration list for PBXProject "Tennis-App" */;
			compatibilityVersion = "Xcode 9.3";
			developmentRegion = en;
			hasScannedForEncodings = 0;
			knownRegions = (
				en,
				Base,
			);
			mainGroup = FF38DA5D2461BE3500DC8CA9;
			productRefGroup = FF38DA672461BE3500DC8CA9 /* Products */;
			projectDirPath = "";
			projectRoot = "";
			targets = (
				FF38DA652461BE3500DC8CA9 /* Tennis-App */,
			);
		};
/* End PBXProject section */

/* Begin PBXResourcesBuildPhase section */
		FF38DA642461BE3500DC8CA9 /* Resources */ = {
			isa = PBXResourcesBuildPhase;
			buildActionMask = 2147483647;
			files = (
				FF38DA782461BE3C00DC8CA9 /* LaunchScreen.storyboard in Resources */,
				FF38DA832461BF1200DC8CA9 /* Main.storyboard in Resources */,
				FF98791E2462F70A00A01C9C /* GoogleService-Info.plist in Resources */,
				FF38DA752461BE3C00DC8CA9 /* Assets.xcassets in Resources */,
				FF38DA732461BE3500DC8CA9 /* Home.storyboard in Resources */,
			);
			runOnlyForDeploymentPostprocessing = 0;
		};
/* End PBXResourcesBuildPhase section */

/* Begin PBXShellScriptBuildPhase section */
		2C8ADCBBFB24DC2B06705AF6 /* [CP] Copy Pods Resources */ = {
			isa = PBXShellScriptBuildPhase;
			buildActionMask = 2147483647;
			files = (
			);
			inputFileListPaths = (
				"${PODS_ROOT}/Target Support Files/Pods-Tennis-App/Pods-Tennis-App-resources-${CONFIGURATION}-input-files.xcfilelist",
			);
			name = "[CP] Copy Pods Resources";
			outputFileListPaths = (
				"${PODS_ROOT}/Target Support Files/Pods-Tennis-App/Pods-Tennis-App-resources-${CONFIGURATION}-output-files.xcfilelist",
			);
			runOnlyForDeploymentPostprocessing = 0;
			shellPath = /bin/sh;
			shellScript = "\"${PODS_ROOT}/Target Support Files/Pods-Tennis-App/Pods-Tennis-App-resources.sh\"\n";
			showEnvVarsInLog = 0;
		};
		4051E473A0492C72B342554A /* [CP] Embed Pods Frameworks */ = {
			isa = PBXShellScriptBuildPhase;
			buildActionMask = 2147483647;
			files = (
			);
			inputFileListPaths = (
				"${PODS_ROOT}/Target Support Files/Pods-Tennis-App/Pods-Tennis-App-frameworks-${CONFIGURATION}-input-files.xcfilelist",
			);
			name = "[CP] Embed Pods Frameworks";
			outputFileListPaths = (
				"${PODS_ROOT}/Target Support Files/Pods-Tennis-App/Pods-Tennis-App-frameworks-${CONFIGURATION}-output-files.xcfilelist",
			);
			runOnlyForDeploymentPostprocessing = 0;
			shellPath = /bin/sh;
			shellScript = "\"${PODS_ROOT}/Target Support Files/Pods-Tennis-App/Pods-Tennis-App-frameworks.sh\"\n";
			showEnvVarsInLog = 0;
		};
		57A7D9F0D8CFD65B6FABF52A /* [CP] Check Pods Manifest.lock */ = {
			isa = PBXShellScriptBuildPhase;
			buildActionMask = 2147483647;
			files = (
			);
			inputFileListPaths = (
			);
			inputPaths = (
				"${PODS_PODFILE_DIR_PATH}/Podfile.lock",
				"${PODS_ROOT}/Manifest.lock",
			);
			name = "[CP] Check Pods Manifest.lock";
			outputFileListPaths = (
			);
			outputPaths = (
				"$(DERIVED_FILE_DIR)/Pods-Tennis-App-checkManifestLockResult.txt",
			);
			runOnlyForDeploymentPostprocessing = 0;
			shellPath = /bin/sh;
			shellScript = "diff \"${PODS_PODFILE_DIR_PATH}/Podfile.lock\" \"${PODS_ROOT}/Manifest.lock\" > /dev/null\nif [ $? != 0 ] ; then\n    # print error to STDERR\n    echo \"error: The sandbox is not in sync with the Podfile.lock. Run 'pod install' or update your CocoaPods installation.\" >&2\n    exit 1\nfi\n# This output is used by Xcode 'outputs' to avoid re-running this script phase.\necho \"SUCCESS\" > \"${SCRIPT_OUTPUT_FILE_0}\"\n";
			showEnvVarsInLog = 0;
		};
/* End PBXShellScriptBuildPhase section */

/* Begin PBXSourcesBuildPhase section */
		FF38DA622461BE3500DC8CA9 /* Sources */ = {
			isa = PBXSourcesBuildPhase;
			buildActionMask = 2147483647;
			files = (
				FF38DA8D2461C85400DC8CA9 /* MatchViewController.swift in Sources */,
				FF38DA892461C06600DC8CA9 /* LoginViewController.swift in Sources */,
				FF38DA8F2461C93E00DC8CA9 /* CommunityViewController.swift in Sources */,
				FF38DA912461CD8F00DC8CA9 /* PlayersViewController.swift in Sources */,
				FF38DA702461BE3500DC8CA9 /* ProfileViewController.swift in Sources */,
				FF38DA952461DB3100DC8CA9 /* Profile.swift in Sources */,
				FF38DA6E2461BE3500DC8CA9 /* HistoryViewController.swift in Sources */,
				FF38DA932461DB1B00DC8CA9 /* UTRManager.swift in Sources */,
				FF38DA6A2461BE3500DC8CA9 /* AppDelegate.swift in Sources */,
				FF38DA872461C04500DC8CA9 /* RegisterViewController.swift in Sources */,
				FF38DA6C2461BE3500DC8CA9 /* SceneDelegate.swift in Sources */,
				FF38DA972461DB4200DC8CA9 /* ProfileResponse.swift in Sources */,
				FF38DA852461BF8500DC8CA9 /* WelcomeViewController.swift in Sources */,
			);
			runOnlyForDeploymentPostprocessing = 0;
		};
/* End PBXSourcesBuildPhase section */

/* Begin PBXVariantGroup section */
		FF38DA712461BE3500DC8CA9 /* Home.storyboard */ = {
			isa = PBXVariantGroup;
			children = (
				FF38DA722461BE3500DC8CA9 /* Base */,
			);
			name = Home.storyboard;
			sourceTree = "<group>";
		};
		FF38DA762461BE3C00DC8CA9 /* LaunchScreen.storyboard */ = {
			isa = PBXVariantGroup;
			children = (
				FF38DA772461BE3C00DC8CA9 /* Base */,
			);
			name = LaunchScreen.storyboard;
			sourceTree = "<group>";
		};
/* End PBXVariantGroup section */

/* Begin XCBuildConfiguration section */
		FF38DA7A2461BE3D00DC8CA9 /* Debug */ = {
			isa = XCBuildConfiguration;
			buildSettings = {
				ALWAYS_SEARCH_USER_PATHS = NO;
				CLANG_ANALYZER_NONNULL = YES;
				CLANG_ANALYZER_NUMBER_OBJECT_CONVERSION = YES_AGGRESSIVE;
				CLANG_CXX_LANGUAGE_STANDARD = "gnu++14";
				CLANG_CXX_LIBRARY = "libc++";
				CLANG_ENABLE_MODULES = YES;
				CLANG_ENABLE_OBJC_ARC = YES;
				CLANG_ENABLE_OBJC_WEAK = YES;
				CLANG_WARN_BLOCK_CAPTURE_AUTORELEASING = YES;
				CLANG_WARN_BOOL_CONVERSION = YES;
				CLANG_WARN_COMMA = YES;
				CLANG_WARN_CONSTANT_CONVERSION = YES;
				CLANG_WARN_DEPRECATED_OBJC_IMPLEMENTATIONS = YES;
				CLANG_WARN_DIRECT_OBJC_ISA_USAGE = YES_ERROR;
				CLANG_WARN_DOCUMENTATION_COMMENTS = YES;
				CLANG_WARN_EMPTY_BODY = YES;
				CLANG_WARN_ENUM_CONVERSION = YES;
				CLANG_WARN_INFINITE_RECURSION = YES;
				CLANG_WARN_INT_CONVERSION = YES;
				CLANG_WARN_NON_LITERAL_NULL_CONVERSION = YES;
				CLANG_WARN_OBJC_IMPLICIT_RETAIN_SELF = YES;
				CLANG_WARN_OBJC_LITERAL_CONVERSION = YES;
				CLANG_WARN_OBJC_ROOT_CLASS = YES_ERROR;
				CLANG_WARN_RANGE_LOOP_ANALYSIS = YES;
				CLANG_WARN_STRICT_PROTOTYPES = YES;
				CLANG_WARN_SUSPICIOUS_MOVE = YES;
				CLANG_WARN_UNGUARDED_AVAILABILITY = YES_AGGRESSIVE;
				CLANG_WARN_UNREACHABLE_CODE = YES;
				CLANG_WARN__DUPLICATE_METHOD_MATCH = YES;
				COPY_PHASE_STRIP = NO;
				DEBUG_INFORMATION_FORMAT = dwarf;
				ENABLE_STRICT_OBJC_MSGSEND = YES;
				ENABLE_TESTABILITY = YES;
				GCC_C_LANGUAGE_STANDARD = gnu11;
				GCC_DYNAMIC_NO_PIC = NO;
				GCC_NO_COMMON_BLOCKS = YES;
				GCC_OPTIMIZATION_LEVEL = 0;
				GCC_PREPROCESSOR_DEFINITIONS = (
					"DEBUG=1",
					"$(inherited)",
				);
				GCC_WARN_64_TO_32_BIT_CONVERSION = YES;
				GCC_WARN_ABOUT_RETURN_TYPE = YES_ERROR;
				GCC_WARN_UNDECLARED_SELECTOR = YES;
				GCC_WARN_UNINITIALIZED_AUTOS = YES_AGGRESSIVE;
				GCC_WARN_UNUSED_FUNCTION = YES;
				GCC_WARN_UNUSED_VARIABLE = YES;
				IPHONEOS_DEPLOYMENT_TARGET = 13.4;
				MTL_ENABLE_DEBUG_INFO = INCLUDE_SOURCE;
				MTL_FAST_MATH = YES;
				ONLY_ACTIVE_ARCH = YES;
				SDKROOT = iphoneos;
				SWIFT_ACTIVE_COMPILATION_CONDITIONS = DEBUG;
				SWIFT_OPTIMIZATION_LEVEL = "-Onone";
			};
			name = Debug;
		};
		FF38DA7B2461BE3D00DC8CA9 /* Release */ = {
			isa = XCBuildConfiguration;
			buildSettings = {
				ALWAYS_SEARCH_USER_PATHS = NO;
				CLANG_ANALYZER_NONNULL = YES;
				CLANG_ANALYZER_NUMBER_OBJECT_CONVERSION = YES_AGGRESSIVE;
				CLANG_CXX_LANGUAGE_STANDARD = "gnu++14";
				CLANG_CXX_LIBRARY = "libc++";
				CLANG_ENABLE_MODULES = YES;
				CLANG_ENABLE_OBJC_ARC = YES;
				CLANG_ENABLE_OBJC_WEAK = YES;
				CLANG_WARN_BLOCK_CAPTURE_AUTORELEASING = YES;
				CLANG_WARN_BOOL_CONVERSION = YES;
				CLANG_WARN_COMMA = YES;
				CLANG_WARN_CONSTANT_CONVERSION = YES;
				CLANG_WARN_DEPRECATED_OBJC_IMPLEMENTATIONS = YES;
				CLANG_WARN_DIRECT_OBJC_ISA_USAGE = YES_ERROR;
				CLANG_WARN_DOCUMENTATION_COMMENTS = YES;
				CLANG_WARN_EMPTY_BODY = YES;
				CLANG_WARN_ENUM_CONVERSION = YES;
				CLANG_WARN_INFINITE_RECURSION = YES;
				CLANG_WARN_INT_CONVERSION = YES;
				CLANG_WARN_NON_LITERAL_NULL_CONVERSION = YES;
				CLANG_WARN_OBJC_IMPLICIT_RETAIN_SELF = YES;
				CLANG_WARN_OBJC_LITERAL_CONVERSION = YES;
				CLANG_WARN_OBJC_ROOT_CLASS = YES_ERROR;
				CLANG_WARN_RANGE_LOOP_ANALYSIS = YES;
				CLANG_WARN_STRICT_PROTOTYPES = YES;
				CLANG_WARN_SUSPICIOUS_MOVE = YES;
				CLANG_WARN_UNGUARDED_AVAILABILITY = YES_AGGRESSIVE;
				CLANG_WARN_UNREACHABLE_CODE = YES;
				CLANG_WARN__DUPLICATE_METHOD_MATCH = YES;
				COPY_PHASE_STRIP = NO;
				DEBUG_INFORMATION_FORMAT = "dwarf-with-dsym";
				ENABLE_NS_ASSERTIONS = NO;
				ENABLE_STRICT_OBJC_MSGSEND = YES;
				GCC_C_LANGUAGE_STANDARD = gnu11;
				GCC_NO_COMMON_BLOCKS = YES;
				GCC_WARN_64_TO_32_BIT_CONVERSION = YES;
				GCC_WARN_ABOUT_RETURN_TYPE = YES_ERROR;
				GCC_WARN_UNDECLARED_SELECTOR = YES;
				GCC_WARN_UNINITIALIZED_AUTOS = YES_AGGRESSIVE;
				GCC_WARN_UNUSED_FUNCTION = YES;
				GCC_WARN_UNUSED_VARIABLE = YES;
				IPHONEOS_DEPLOYMENT_TARGET = 13.4;
				MTL_ENABLE_DEBUG_INFO = NO;
				MTL_FAST_MATH = YES;
				SDKROOT = iphoneos;
				SWIFT_COMPILATION_MODE = wholemodule;
				SWIFT_OPTIMIZATION_LEVEL = "-O";
				VALIDATE_PRODUCT = YES;
			};
			name = Release;
		};
		FF38DA7D2461BE3D00DC8CA9 /* Debug */ = {
			isa = XCBuildConfiguration;
			baseConfigurationReference = 016F8ED8F975AA4279A9659F /* Pods-Tennis-App.debug.xcconfig */;
			buildSettings = {
				ASSETCATALOG_COMPILER_APPICON_NAME = AppIcon;
				CODE_SIGN_STYLE = Automatic;
				DEVELOPMENT_TEAM = Y4A5VAJ9JD;
				INFOPLIST_FILE = "Tennis-App/Info.plist";
				LD_RUNPATH_SEARCH_PATHS = (
					"$(inherited)",
					"@executable_path/Frameworks",
				);
				PRODUCT_BUNDLE_IDENTIFIER = "com.pranav-suri.Tennis-App";
				PRODUCT_NAME = "$(TARGET_NAME)";
				SWIFT_VERSION = 5.0;
				TARGETED_DEVICE_FAMILY = "1,2";
			};
			name = Debug;
		};
		FF38DA7E2461BE3D00DC8CA9 /* Release */ = {
			isa = XCBuildConfiguration;
			baseConfigurationReference = 063F93ED7712654A62202699 /* Pods-Tennis-App.release.xcconfig */;
			buildSettings = {
				ASSETCATALOG_COMPILER_APPICON_NAME = AppIcon;
				CODE_SIGN_STYLE = Automatic;
				DEVELOPMENT_TEAM = Y4A5VAJ9JD;
				INFOPLIST_FILE = "Tennis-App/Info.plist";
				LD_RUNPATH_SEARCH_PATHS = (
					"$(inherited)",
					"@executable_path/Frameworks",
				);
				PRODUCT_BUNDLE_IDENTIFIER = "com.pranav-suri.Tennis-App";
				PRODUCT_NAME = "$(TARGET_NAME)";
				SWIFT_VERSION = 5.0;
				TARGETED_DEVICE_FAMILY = "1,2";
			};
			name = Release;
		};
/* End XCBuildConfiguration section */

/* Begin XCConfigurationList section */
		FF38DA612461BE3500DC8CA9 /* Build configuration list for PBXProject "Tennis-App" */ = {
			isa = XCConfigurationList;
			buildConfigurations = (
				FF38DA7A2461BE3D00DC8CA9 /* Debug */,
				FF38DA7B2461BE3D00DC8CA9 /* Release */,
			);
			defaultConfigurationIsVisible = 0;
			defaultConfigurationName = Release;
		};
		FF38DA7C2461BE3D00DC8CA9 /* Build configuration list for PBXNativeTarget "Tennis-App" */ = {
			isa = XCConfigurationList;
			buildConfigurations = (
				FF38DA7D2461BE3D00DC8CA9 /* Debug */,
				FF38DA7E2461BE3D00DC8CA9 /* Release */,
			);
			defaultConfigurationIsVisible = 0;
			defaultConfigurationName = Release;
		};
/* End XCConfigurationList section */
	};
	rootObject = FF38DA5E2461BE3500DC8CA9 /* Project object */;
}
